// !$*UTF8*$!
{
	archiveVersion = 1;
	classes = {
	};
	objectVersion = 48;
	objects = {

/* Begin PBXBuildFile section */
		459616001F7A1C4200E7164D /* AppDelegate.swift in Sources */ = {isa = PBXBuildFile; fileRef = 459615FF1F7A1C4200E7164D /* AppDelegate.swift */; };
		459616021F7A1C4200E7164D /* RecordLiteController.swift in Sources */ = {isa = PBXBuildFile; fileRef = 459616011F7A1C4200E7164D /* RecordLiteController.swift */; };
		459616051F7A1C4200E7164D /* Main.storyboard in Resources */ = {isa = PBXBuildFile; fileRef = 459616031F7A1C4200E7164D /* Main.storyboard */; };
		459616071F7A1C4200E7164D /* Assets.xcassets in Resources */ = {isa = PBXBuildFile; fileRef = 459616061F7A1C4200E7164D /* Assets.xcassets */; };
		4596160A1F7A1C4200E7164D /* LaunchScreen.storyboard in Resources */ = {isa = PBXBuildFile; fileRef = 459616081F7A1C4200E7164D /* LaunchScreen.storyboard */; };
/* End PBXBuildFile section */

/* Begin PBXFileReference section */
		459615FC1F7A1C4200E7164D /* AudioRecording+Playback.app */ = {isa = PBXFileReference; explicitFileType = wrapper.application; includeInIndex = 0; path = "AudioRecording+Playback.app"; sourceTree = BUILT_PRODUCTS_DIR; };
		459615FF1F7A1C4200E7164D /* AppDelegate.swift */ = {isa = PBXFileReference; lastKnownFileType = sourcecode.swift; path = AppDelegate.swift; sourceTree = "<group>"; };
		459616011F7A1C4200E7164D /* RecordLiteController.swift */ = {isa = PBXFileReference; lastKnownFileType = sourcecode.swift; path = RecordLiteController.swift; sourceTree = "<group>"; };
		459616041F7A1C4200E7164D /* Base */ = {isa = PBXFileReference; lastKnownFileType = file.storyboard; name = Base; path = Base.lproj/Main.storyboard; sourceTree = "<group>"; };
		459616061F7A1C4200E7164D /* Assets.xcassets */ = {isa = PBXFileReference; lastKnownFileType = folder.assetcatalog; path = Assets.xcassets; sourceTree = "<group>"; };
		459616091F7A1C4200E7164D /* Base */ = {isa = PBXFileReference; lastKnownFileType = file.storyboard; name = Base; path = Base.lproj/LaunchScreen.storyboard; sourceTree = "<group>"; };
		4596160B1F7A1C4200E7164D /* Info.plist */ = {isa = PBXFileReference; lastKnownFileType = text.plist.xml; path = Info.plist; sourceTree = "<group>"; };
/* End PBXFileReference section */

/* Begin PBXFrameworksBuildPhase section */
		459615F91F7A1C4200E7164D /* Frameworks */ = {
			isa = PBXFrameworksBuildPhase;
			buildActionMask = 2147483647;
			files = (
			);
			runOnlyForDeploymentPostprocessing = 0;
		};
/* End PBXFrameworksBuildPhase section */

/* Begin PBXGroup section */
		459615F31F7A1C4200E7164D = {
			isa = PBXGroup;
			children = (
				459615FE1F7A1C4200E7164D /* AudioRecording+Playback */,
				459615FD1F7A1C4200E7164D /* Products */,
			);
			sourceTree = "<group>";
		};
		459615FD1F7A1C4200E7164D /* Products */ = {
			isa = PBXGroup;
			children = (
				459615FC1F7A1C4200E7164D /* AudioRecording+Playback.app */,
			);
			name = Products;
			sourceTree = "<group>";
		};
		459615FE1F7A1C4200E7164D /* AudioRecording+Playback */ = {
			isa = PBXGroup;
			children = (
				459616111F7A1C5400E7164D /* Resources */,
				459616121F7A1C5D00E7164D /* View */,
				459616131F7A1C6200E7164D /* Controller */,
			);
			path = "AudioRecording+Playback";
			sourceTree = "<group>";
		};
		459616111F7A1C5400E7164D /* Resources */ = {
			isa = PBXGroup;
			children = (
				459616061F7A1C4200E7164D /* Assets.xcassets */,
				4596160B1F7A1C4200E7164D /* Info.plist */,
			);
			path = Resources;
			sourceTree = "<group>";
		};
		459616121F7A1C5D00E7164D /* View */ = {
			isa = PBXGroup;
			children = (
				459616081F7A1C4200E7164D /* LaunchScreen.storyboard */,
				459616031F7A1C4200E7164D /* Main.storyboard */,
			);
			path = View;
			sourceTree = "<group>";
		};
		459616131F7A1C6200E7164D /* Controller */ = {
			isa = PBXGroup;
			children = (
				459615FF1F7A1C4200E7164D /* AppDelegate.swift */,
				459616011F7A1C4200E7164D /* RecordLiteController.swift */,
			);
			path = Controller;
			sourceTree = "<group>";
		};
/* End PBXGroup section */

/* Begin PBXNativeTarget section */
		459615FB1F7A1C4200E7164D /* AudioRecording+Playback */ = {
			isa = PBXNativeTarget;
			buildConfigurationList = 4596160E1F7A1C4200E7164D /* Build configuration list for PBXNativeTarget "AudioRecording+Playback" */;
			buildPhases = (
				459615F81F7A1C4200E7164D /* Sources */,
				459615F91F7A1C4200E7164D /* Frameworks */,
				459615FA1F7A1C4200E7164D /* Resources */,
			);
			buildRules = (
			);
			dependencies = (
			);
			name = "AudioRecording+Playback";
			productName = "AudioRecording+Playback";
			productReference = 459615FC1F7A1C4200E7164D /* AudioRecording+Playback.app */;
			productType = "com.apple.product-type.application";
		};
/* End PBXNativeTarget section */

/* Begin PBXProject section */
		459615F41F7A1C4200E7164D /* Project object */ = {
			isa = PBXProject;
			attributes = {
				LastSwiftUpdateCheck = 0900;
				LastUpgradeCheck = 0900;
				ORGANIZATIONNAME = "Chris Huang";
				TargetAttributes = {
					459615FB1F7A1C4200E7164D = {
						CreatedOnToolsVersion = 9.0;
						ProvisioningStyle = Automatic;
					};
				};
			};
			buildConfigurationList = 459615F71F7A1C4200E7164D /* Build configuration list for PBXProject "AudioRecording+Playback" */;
			compatibilityVersion = "Xcode 8.0";
			developmentRegion = en;
			hasScannedForEncodings = 0;
			knownRegions = (
				en,
				Base,
			);
			mainGroup = 459615F31F7A1C4200E7164D;
			productRefGroup = 459615FD1F7A1C4200E7164D /* Products */;
			projectDirPath = "";
			projectRoot = "";
			targets = (
				459615FB1F7A1C4200E7164D /* AudioRecording+Playback */,
			);
		};
/* End PBXProject section */

/* Begin PBXResourcesBuildPhase section */
		459615FA1F7A1C4200E7164D /* Resources */ = {
			isa = PBXResourcesBuildPhase;
			buildActionMask = 2147483647;
			files = (
				4596160A1F7A1C4200E7164D /* LaunchScreen.storyboard in Resources */,
				459616071F7A1C4200E7164D /* Assets.xcassets in Resources */,
				459616051F7A1C4200E7164D /* Main.storyboard in Resources */,
			);
			runOnlyForDeploymentPostprocessing = 0;
		};
/* End PBXResourcesBuildPhase section */

/* Begin PBXSourcesBuildPhase section */
		459615F81F7A1C4200E7164D /* Sources */ = {
			isa = PBXSourcesBuildPhase;
			buildActionMask = 2147483647;
			files = (
				459616021F7A1C4200E7164D /* RecordLiteController.swift in Sources */,
				459616001F7A1C4200E7164D /* AppDelegate.swift in Sources */,
			);
			runOnlyForDeploymentPostprocessing = 0;
		};
/* End PBXSourcesBuildPhase section */

/* Begin PBXVariantGroup section */
		459616031F7A1C4200E7164D /* Main.storyboard */ = {
			isa = PBXVariantGroup;
			children = (
				459616041F7A1C4200E7164D /* Base */,
			);
			name = Main.storyboard;
			sourceTree = "<group>";
		};
		459616081F7A1C4200E7164D /* LaunchScreen.storyboard */ = {
			isa = PBXVariantGroup;
			children = (
				459616091F7A1C4200E7164D /* Base */,
			);
			name = LaunchScreen.storyboard;
			sourceTree = "<group>";
		};
/* End PBXVariantGroup section */

/* Begin XCBuildConfiguration section */
		4596160C1F7A1C4200E7164D /* Debug */ = {
			isa = XCBuildConfiguration;
			buildSettings = {
				ALWAYS_SEARCH_USER_PATHS = NO;
				CLANG_ANALYZER_NONNULL = YES;
				CLANG_ANALYZER_NUMBER_OBJECT_CONVERSION = YES_AGGRESSIVE;
				CLANG_CXX_LANGUAGE_STANDARD = "gnu++14";
				CLANG_CXX_LIBRARY = "libc++";
				CLANG_ENABLE_MODULES = YES;
				CLANG_ENABLE_OBJC_ARC = YES;
				CLANG_WARN_BLOCK_CAPTURE_AUTORELEASING = YES;
				CLANG_WARN_BOOL_CONVERSION = YES;
				CLANG_WARN_COMMA = YES;
				CLANG_WARN_CONSTANT_CONVERSION = YES;
				CLANG_WARN_DIRECT_OBJC_ISA_USAGE = YES_ERROR;
				CLANG_WARN_DOCUMENTATION_COMMENTS = YES;
				CLANG_WARN_EMPTY_BODY = YES;
				CLANG_WARN_ENUM_CONVERSION = YES;
				CLANG_WARN_INFINITE_RECURSION = YES;
				CLANG_WARN_INT_CONVERSION = YES;
				CLANG_WARN_NON_LITERAL_NULL_CONVERSION = YES;
				CLANG_WARN_OBJC_LITERAL_CONVERSION = YES;
				CLANG_WARN_OBJC_ROOT_CLASS = YES_ERROR;
				CLANG_WARN_RANGE_LOOP_ANALYSIS = YES;
				CLANG_WARN_STRICT_PROTOTYPES = YES;
				CLANG_WARN_SUSPICIOUS_MOVE = YES;
				CLANG_WARN_UNGUARDED_AVAILABILITY = YES_AGGRESSIVE;
				CLANG_WARN_UNREACHABLE_CODE = YES;
				CLANG_WARN__DUPLICATE_METHOD_MATCH = YES;
				CODE_SIGN_IDENTITY = "iPhone Developer";
				COPY_PHASE_STRIP = NO;
				DEBUG_INFORMATION_FORMAT = dwarf;
				ENABLE_STRICT_OBJC_MSGSEND = YES;
				ENABLE_TESTABILITY = YES;
				GCC_C_LANGUAGE_STANDARD = gnu11;
				GCC_DYNAMIC_NO_PIC = NO;
				GCC_NO_COMMON_BLOCKS = YES;
				GCC_OPTIMIZATION_LEVEL = 0;
				GCC_PREPROCESSOR_DEFINITIONS = (
					"DEBUG=1",
					"$(inherited)",
				);
				GCC_WARN_64_TO_32_BIT_CONVERSION = YES;
				GCC_WARN_ABOUT_RETURN_TYPE = YES_ERROR;
				GCC_WARN_UNDECLARED_SELECTOR = YES;
				GCC_WARN_UNINITIALIZED_AUTOS = YES_AGGRESSIVE;
				GCC_WARN_UNUSED_FUNCTION = YES;
				GCC_WARN_UNUSED_VARIABLE = YES;
				IPHONEOS_DEPLOYMENT_TARGET = 11.0;
				MTL_ENABLE_DEBUG_INFO = YES;
				ONLY_ACTIVE_ARCH = YES;
				SDKROOT = iphoneos;
				SWIFT_ACTIVE_COMPILATION_CONDITIONS = DEBUG;
				SWIFT_OPTIMIZATION_LEVEL = "-Onone";
			};
			name = Debug;
		};
		4596160D1F7A1C4200E7164D /* Release */ = {
			isa = XCBuildConfiguration;
			buildSettings = {
				ALWAYS_SEARCH_USER_PATHS = NO;
				CLANG_ANALYZER_NONNULL = YES;
				CLANG_ANALYZER_NUMBER_OBJECT_CONVERSION = YES_AGGRESSIVE;
				CLANG_CXX_LANGUAGE_STANDARD = "gnu++14";
				CLANG_CXX_LIBRARY = "libc++";
				CLANG_ENABLE_MODULES = YES;
				CLANG_ENABLE_OBJC_ARC = YES;
				CLANG_WARN_BLOCK_CAPTURE_AUTORELEASING = YES;
				CLANG_WARN_BOOL_CONVERSION = YES;
				CLANG_WARN_COMMA = YES;
				CLANG_WARN_CONSTANT_CONVERSION = YES;
				CLANG_WARN_DIRECT_OBJC_ISA_USAGE = YES_ERROR;
				CLANG_WARN_DOCUMENTATION_COMMENTS = YES;
				CLANG_WARN_EMPTY_BODY = YES;
				CLANG_WARN_ENUM_CONVERSION = YES;
				CLANG_WARN_INFINITE_RECURSION = YES;
				CLANG_WARN_INT_CONVERSION = YES;
				CLANG_WARN_NON_LITERAL_NULL_CONVERSION = YES;
				CLANG_WARN_OBJC_LITERAL_CONVERSION = YES;
				CLANG_WARN_OBJC_ROOT_CLASS = YES_ERROR;
				CLANG_WARN_RANGE_LOOP_ANALYSIS = YES;
				CLANG_WARN_STRICT_PROTOTYPES = YES;
				CLANG_WARN_SUSPICIOUS_MOVE = YES;
				CLANG_WARN_UNGUARDED_AVAILABILITY = YES_AGGRESSIVE;
				CLANG_WARN_UNREACHABLE_CODE = YES;
				CLANG_WARN__DUPLICATE_METHOD_MATCH = YES;
				CODE_SIGN_IDENTITY = "iPhone Developer";
				COPY_PHASE_STRIP = NO;
				DEBUG_INFORMATION_FORMAT = "dwarf-with-dsym";
				ENABLE_NS_ASSERTIONS = NO;
				ENABLE_STRICT_OBJC_MSGSEND = YES;
				GCC_C_LANGUAGE_STANDARD = gnu11;
				GCC_NO_COMMON_BLOCKS = YES;
				GCC_WARN_64_TO_32_BIT_CONVERSION = YES;
				GCC_WARN_ABOUT_RETURN_TYPE = YES_ERROR;
				GCC_WARN_UNDECLARED_SELECTOR = YES;
				GCC_WARN_UNINITIALIZED_AUTOS = YES_AGGRESSIVE;
				GCC_WARN_UNUSED_FUNCTION = YES;
				GCC_WARN_UNUSED_VARIABLE = YES;
				IPHONEOS_DEPLOYMENT_TARGET = 11.0;
				MTL_ENABLE_DEBUG_INFO = NO;
				SDKROOT = iphoneos;
				SWIFT_OPTIMIZATION_LEVEL = "-Owholemodule";
				VALIDATE_PRODUCT = YES;
			};
			name = Release;
		};
		4596160F1F7A1C4200E7164D /* Debug */ = {
			isa = XCBuildConfiguration;
			buildSettings = {
				ASSETCATALOG_COMPILER_APPICON_NAME = AppIcon;
				CODE_SIGN_STYLE = Automatic;
				DEVELOPMENT_TEAM = 9H46LQG73T;
				INFOPLIST_FILE = "$(SRCROOT)/AudioRecording+Playback/Resources/Info.plist";
				LD_RUNPATH_SEARCH_PATHS = "$(inherited) @executable_path/Frameworks";
				PRODUCT_BUNDLE_IDENTIFIER = "com.DevXris.AudioRecording-Playback";
				PRODUCT_NAME = "$(TARGET_NAME)";
				SWIFT_VERSION = 4.0;
				TARGETED_DEVICE_FAMILY = "1,2";
			};
			name = Debug;
		};
		459616101F7A1C4200E7164D /* Release */ = {
			isa = XCBuildConfiguration;
			buildSettings = {
				ASSETCATALOG_COMPILER_APPICON_NAME = AppIcon;
				CODE_SIGN_STYLE = Automatic;
				DEVELOPMENT_TEAM = 9H46LQG73T;
				INFOPLIST_FILE = "$(SRCROOT)/AudioRecording+Playback/Resources/Info.plist";
				LD_RUNPATH_SEARCH_PATHS = "$(inherited) @executable_path/Frameworks";
				PRODUCT_BUNDLE_IDENTIFIER = "com.DevXris.AudioRecording-Playback";
				PRODUCT_NAME = "$(TARGET_NAME)";
				SWIFT_VERSION = 4.0;
				TARGETED_DEVICE_FAMILY = "1,2";
			};
			name = Release;
		};
/* End XCBuildConfiguration section */

/* Begin XCConfigurationList section */
		459615F71F7A1C4200E7164D /* Build configuration list for PBXProject "AudioRecording+Playback" */ = {
			isa = XCConfigurationList;
			buildConfigurations = (
				4596160C1F7A1C4200E7164D /* Debug */,
				4596160D1F7A1C4200E7164D /* Release */,
			);
			defaultConfigurationIsVisible = 0;
			defaultConfigurationName = Release;
		};
		4596160E1F7A1C4200E7164D /* Build configuration list for PBXNativeTarget "AudioRecording+Playback" */ = {
			isa = XCConfigurationList;
			buildConfigurations = (
				4596160F1F7A1C4200E7164D /* Debug */,
				459616101F7A1C4200E7164D /* Release */,
			);
			defaultConfigurationIsVisible = 0;
			defaultConfigurationName = Release;
		};
/* End XCConfigurationList section */
	};
	rootObject = 459615F41F7A1C4200E7164D /* Project object */;
}
